
Microsoft Visual Studio Solution File, Format Version 12.00
Project("{FAE04EC0-301F-11D3-BF4B-00C04F79EFBC}") = "PruebasListas", "PruebasListas\PruebasListas.csproj", "{D807E1D1-17FD-49ED-B076-F94C13459252}"
EndProject
Project("{FAE04EC0-301F-11D3-BF4B-00C04F79EFBC}") = "TestsLista", "TestsLista\TestsLista.csproj", "{4719B691-A213-4F43-AC42-A42E80CA494F}"
EndProject
Global
	GlobalSection(SolutionConfigurationPlatforms) = preSolution
		Debug|Any CPU = Debug|Any CPU
		Release|Any CPU = Release|Any CPU
	EndGlobalSection
	GlobalSection(ProjectConfigurationPlatforms) = postSolution
		{D807E1D1-17FD-49ED-B076-F94C13459252}.Debug|Any CPU.ActiveCfg = Debug|Any CPU
		{D807E1D1-17FD-49ED-B076-F94C13459252}.Debug|Any CPU.Build.0 = Debug|Any CPU
		{D807E1D1-17FD-49ED-B076-F94C13459252}.Release|Any CPU.ActiveCfg = Release|Any CPU
		{D807E1D1-17FD-49ED-B076-F94C13459252}.Release|Any CPU.Build.0 = Release|Any CPU
		{4719B691-A213-4F43-AC42-A42E80CA494F}.Debug|Any CPU.ActiveCfg = Debug|Any CPU
		{4719B691-A213-4F43-AC42-A42E80CA494F}.Debug|Any CPU.Build.0 = Debug|Any CPU
		{4719B691-A213-4F43-AC42-A42E80CA494F}.Release|Any CPU.ActiveCfg = Release|Any CPU
		{4719B691-A213-4F43-AC42-A42E80CA494F}.Release|Any CPU.Build.0 = Release|Any CPU
	EndGlobalSection
EndGlobal
